{
  "name": "talk-with-gpt",
  "version": "1.0.0",
  "lockfileVersion": 1,
  "requires": true,
  "dependencies": {
    "chrome-types": {
      "version": "0.1.178",
      "resolved": "https://registry.npmjs.org/chrome-types/-/chrome-types-0.1.178.tgz",
      "integrity": "sha512-p0ktsaedh+70QTEoooRc52/+RgOBM2mkMsX1KxLbLhc2g8TR9lXPTCU69W1OFKGVsY7TL65gK52AH22QkYtOJQ==",
      "dev": true
    },
    "typescript": {
      "version": "5.0.2",
      "resolved": "https://registry.npmjs.org/typescript/-/typescript-5.0.2.tgz",
      "integrity": "sha512-wVORMBGO/FAs/++blGNeAVdbNKtIh1rbBL2EyQ1+J9lClJ93KiiKe8PmFIVdXhHcyv44SL9oglmfeSsndo0jRw==",
      "dev": true
    }
  }
}
